
Microsoft Visual Studio Solution File, Format Version 12.00
# Visual Studio Version 16
VisualStudioVersion = 16.0.33027.164
MinimumVisualStudioVersion = 10.0.40219.1
Project("{9A19103F-16F7-4668-BE54-9A1E7A4F7556}") = "Assignment1", "Assignment1\Assignment1.csproj", "{687E7DFD-0056-43E6-886F-0CF1F5211A96}"
EndProject
Global
	GlobalSection(SolutionConfigurationPlatforms) = preSolution
		Debug|Any CPU = Debug|Any CPU
		Release|Any CPU = Release|Any CPU
	EndGlobalSection
	GlobalSection(ProjectConfigurationPlatforms) = postSolution
		{687E7DFD-0056-43E6-886F-0CF1F5211A96}.Debug|Any CPU.ActiveCfg = Debug|Any CPU
		{687E7DFD-0056-43E6-886F-0CF1F5211A96}.Debug|Any CPU.Build.0 = Debug|Any CPU
		{687E7DFD-0056-43E6-886F-0CF1F5211A96}.Release|Any CPU.ActiveCfg = Release|Any CPU
		{687E7DFD-0056-43E6-886F-0CF1F5211A96}.Release|Any CPU.Build.0 = Release|Any CPU
	EndGlobalSection
	GlobalSection(SolutionProperties) = preSolution
		HideSolutionNode = FALSE
	EndGlobalSection
	GlobalSection(ExtensibilityGlobals) = postSolution
		SolutionGuid = {34E3D7D8-007A-4BCD-8BF3-826B7552012C}
	EndGlobalSection
EndGlobal
